# This file is automatically @generated by Cargo.
# It is not intended for manual editing.
version = 4

[[package]]
name = "janus-browser-chrome"
version = "0.1.0"

[[package]]
name = "janus-client"
version = "0.1.0"

[[package]]
name = "janus-core"
version = "0.1.0"

[[package]]
name = "janus-interfaces"
version = "0.1.0"

[[package]]
name = "janus-protocol-handler"
version = "0.1.0"

[[package]]
name = "janus-transport"
version = "0.1.0"
